// !$*UTF8*$!
{
	archiveVersion = 1;
	classes = {
	};
	objectVersion = 63;
	objects = {

/* Begin PBXBuildFile section */
		01F0F3EA7380F89EB77C810E /* GlassTextFieldStyle.swift in Sources */ = {isa = PBXBuildFile; fileRef = 6F5805D6708DF9A6BB1A2D86 /* GlassTextFieldStyle.swift */; };
		0A9E55C8C02BB9171499339F /* TransactionEditor.swift in Sources */ = {isa = PBXBuildFile; fileRef = A6FF395CDD657A28A1B09965 /* TransactionEditor.swift */; };
		10D37190FD81D0CC5E4202A6 /* SummaryWidgetControl.swift in Sources */ = {isa = PBXBuildFile; fileRef = F3A780CE068090EEA8F62B92 /* SummaryWidgetControl.swift */; };
		178892D01DB5C6C1716F0301 /* AppIntents.swift in Sources */ = {isa = PBXBuildFile; fileRef = E20695FAE0D27856E1E9761E /* AppIntents.swift */; };
		254C49ACE4F7164650879D09 /* ActualAPIClient.swift in Sources */ = {isa = PBXBuildFile; fileRef = A9517988C2D34778CE15AB79 /* ActualAPIClient.swift */; };
		2806C6A295416B0B7CAD3AF4 /* AppBackground.swift in Sources */ = {isa = PBXBuildFile; fileRef = B7445397C24A57F7A89FEC51 /* AppBackground.swift */; };
		2CAF7EE3D9BA3987B425DE25 /* APIModels.swift in Sources */ = {isa = PBXBuildFile; fileRef = D5D08E175B4D1F44DD0C013B /* APIModels.swift */; };
		32B801840ED913A023170258 /* SummaryWidgetExtension.appex in Embed Foundation Extensions */ = {isa = PBXBuildFile; fileRef = CC6C5750861141FAE9A8A500 /* SummaryWidgetExtension.appex */; settings = {ATTRIBUTES = (RemoveHeadersOnCopy, ); }; };
		3471AC37482F023FF46A9783 /* SummaryWidget.swift in Sources */ = {isa = PBXBuildFile; fileRef = 9ECC2EC257BC2D0B6415FA78 /* SummaryWidget.swift */; };
		385C6105E643AC2E6FE7EF92 /* GlassTextFieldStyle.swift in Sources */ = {isa = PBXBuildFile; fileRef = 6F5805D6708DF9A6BB1A2D86 /* GlassTextFieldStyle.swift */; };
		3B096A3B8971BAC55730E602 /* SummaryWidgetBundle.swift in Sources */ = {isa = PBXBuildFile; fileRef = EE36BB76605521DC6FF8E6FE /* SummaryWidgetBundle.swift */; };
		3BCD8E59CC7585D0C9766B97 /* AppState.swift in Sources */ = {isa = PBXBuildFile; fileRef = 305638D1FCBEEF057C11E2B9 /* AppState.swift */; };
		3FA813807321D4379DE9FF57 /* DashboardView.swift in Sources */ = {isa = PBXBuildFile; fileRef = 36EFB3A1FA3B5165207B475D /* DashboardView.swift */; };
		42F8ADD03E917FE31C0CD3E9 /* Assets.xcassets in Resources */ = {isa = PBXBuildFile; fileRef = 670A865625E08C6CAC65B7C4 /* Assets.xcassets */; };
		57C87B4D2C70DD4FA2787654 /* ActualAccountsApp.swift in Sources */ = {isa = PBXBuildFile; fileRef = A2AF889A0B071948999BD82E /* ActualAccountsApp.swift */; };
		63F8A99B42E31C7E8384C929 /* AppTheme.swift in Sources */ = {isa = PBXBuildFile; fileRef = DF2251F4773E455F8B668171 /* AppTheme.swift */; };
		71D33515CC7B27421A855602 /* CurrencyFormatter.swift in Sources */ = {isa = PBXBuildFile; fileRef = FE90451DBA5ED54C74B24824 /* CurrencyFormatter.swift */; };
		752197312E8F4A83005B230B /* SheetType.swift in Sources */ = {isa = PBXBuildFile; fileRef = 752197302E8F4A83005B230B /* SheetType.swift */; };
		7581E5FC2E8F2E00007FCD57 /* AppState.swift in Sources */ = {isa = PBXBuildFile; fileRef = 305638D1FCBEEF057C11E2B9 /* AppState.swift */; };
		80F17D456595E454CC56AC68 /* APIModels.swift in Sources */ = {isa = PBXBuildFile; fileRef = D5D08E175B4D1F44DD0C013B /* APIModels.swift */; };
		811CA95F04F9A6C8E7EDAE72 /* AccountsView.swift in Sources */ = {isa = PBXBuildFile; fileRef = AA0D950B8FEC34803E6C6A69 /* AccountsView.swift */; };
		8B29F25FEA70973C5F6F969A /* AppBackground.swift in Sources */ = {isa = PBXBuildFile; fileRef = B7445397C24A57F7A89FEC51 /* AppBackground.swift */; };
		909505565918B6741C78D31D /* AppTheme.swift in Sources */ = {isa = PBXBuildFile; fileRef = DF2251F4773E455F8B668171 /* AppTheme.swift */; };
		99121FEA24DFA87646142EE9 /* GlassCard.swift in Sources */ = {isa = PBXBuildFile; fileRef = 4C6091912D625A221C013631 /* GlassCard.swift */; };
		9CB64FF534D5F54FCF28646C /* RootView.swift in Sources */ = {isa = PBXBuildFile; fileRef = 14BF70E767114BBB7E245F72 /* RootView.swift */; };
		9E9FAC6B9FFA82D0B4EE6BA8 /* LiquidBackground.swift in Sources */ = {isa = PBXBuildFile; fileRef = E82AA06BE50F3BDEBB35EC23 /* LiquidBackground.swift */; };
		A09515FBE4B723743CAD3C79 /* APIEndpoints.swift in Sources */ = {isa = PBXBuildFile; fileRef = 1FE7305732C35F8E4C1C6B5D /* APIEndpoints.swift */; };
		AF32609BDDF3383587A48C6F /* SharedDataManager.swift in Sources */ = {isa = PBXBuildFile; fileRef = A046009643DDBC7CB064E9C0 /* SharedDataManager.swift */; };
		B201E07865DD3B153203E86D /* LiquidBackground.swift in Sources */ = {isa = PBXBuildFile; fileRef = E82AA06BE50F3BDEBB35EC23 /* LiquidBackground.swift */; };
		B21F63AE54A2EE4D82B62082 /* OnboardingView.swift in Sources */ = {isa = PBXBuildFile; fileRef = FD23F8E4BDA540EC1EBEC868 /* OnboardingView.swift */; };
		B4383712AED902C327F15FEA /* DemoDataService.swift in Sources */ = {isa = PBXBuildFile; fileRef = 02F88A209CDF35AE3A25271C /* DemoDataService.swift */; };
		CD0C214111BB51221CF92197 /* SummaryWidget.swift in Sources */ = {isa = PBXBuildFile; fileRef = 9ECC2EC257BC2D0B6415FA78 /* SummaryWidget.swift */; };
		D4D60197658DBC87369F0914 /* SharedDataManager.swift in Sources */ = {isa = PBXBuildFile; fileRef = A046009643DDBC7CB064E9C0 /* SharedDataManager.swift */; };
		D8379BA06D631EB7E686C059 /* SettingsView.swift in Sources */ = {isa = PBXBuildFile; fileRef = 191BCF4D8FA37E6AD771B3C8 /* SettingsView.swift */; };
		DC8E4AFDCA849EFD8B8F7FD1 /* Assets.xcassets in Resources */ = {isa = PBXBuildFile; fileRef = 9E3A151661FD4F9F25C0710B /* Assets.xcassets */; };
		E0F7AD5CDC25E06A99850FDF /* CurrencyFormatter.swift in Sources */ = {isa = PBXBuildFile; fileRef = FE90451DBA5ED54C74B24824 /* CurrencyFormatter.swift */; };
		E12B83D2DF6E26EEC3E2164E /* BudgetView.swift in Sources */ = {isa = PBXBuildFile; fileRef = D54BAF1F200DA0620E4674B6 /* BudgetView.swift */; };
		E815F42DCD39FC3F1A387F6C /* AllTransactionsView.swift in Sources */ = {isa = PBXBuildFile; fileRef = 6B968D5C0B649D4E6B776BEE /* AllTransactionsView.swift */; };
		EB79752CE933E87B143C309F /* GlassCard.swift in Sources */ = {isa = PBXBuildFile; fileRef = 4C6091912D625A221C013631 /* GlassCard.swift */; };
		F096333F31F509912696A321 /* SummaryWidgetLiveActivity.swift in Sources */ = {isa = PBXBuildFile; fileRef = A49BA83A713F16A1B1D61BAF /* SummaryWidgetLiveActivity.swift */; };
		FA642DDB83738AD216510807 /* AppIntent.swift in Sources */ = {isa = PBXBuildFile; fileRef = 5292CF5617366EBC8E14CF38 /* AppIntent.swift */; };
		FC1C5B7A9BC8A36B4A87F5BE /* TransactionsView.swift in Sources */ = {isa = PBXBuildFile; fileRef = EDAD07D429FBAED546E3BAA1 /* TransactionsView.swift */; };
/* End PBXBuildFile section */

/* Begin PBXContainerItemProxy section */
		144748559A5198021D38746B /* PBXContainerItemProxy */ = {
			isa = PBXContainerItemProxy;
			containerPortal = D36DD6F12F8D05F432AABE5E /* Project object */;
			proxyType = 1;
			remoteGlobalIDString = 0350BF9E8C923484FDBB0680;
			remoteInfo = SummaryWidgetExtension;
		};
/* End PBXContainerItemProxy section */

/* Begin PBXCopyFilesBuildPhase section */
		33C55C2CC8258F9875EF8A5D /* Embed Foundation Extensions */ = {
			isa = PBXCopyFilesBuildPhase;
			buildActionMask = 2147483647;
			dstPath = "";
			dstSubfolderSpec = 13;
			files = (
				32B801840ED913A023170258 /* SummaryWidgetExtension.appex in Embed Foundation Extensions */,
			);
			name = "Embed Foundation Extensions";
			runOnlyForDeploymentPostprocessing = 0;
		};
/* End PBXCopyFilesBuildPhase section */

/* Begin PBXFileReference section */
		02F88A209CDF35AE3A25271C /* DemoDataService.swift */ = {isa = PBXFileReference; lastKnownFileType = sourcecode.swift; path = DemoDataService.swift; sourceTree = "<group>"; };
		14BF70E767114BBB7E245F72 /* RootView.swift */ = {isa = PBXFileReference; lastKnownFileType = sourcecode.swift; path = RootView.swift; sourceTree = "<group>"; };
		191BCF4D8FA37E6AD771B3C8 /* SettingsView.swift */ = {isa = PBXFileReference; lastKnownFileType = sourcecode.swift; path = SettingsView.swift; sourceTree = "<group>"; };
		1DB979F89D01D25B81124474 /* SummaryWidgetExtension.entitlements */ = {isa = PBXFileReference; lastKnownFileType = text.plist.entitlements; path = SummaryWidgetExtension.entitlements; sourceTree = "<group>"; };
		1FE7305732C35F8E4C1C6B5D /* APIEndpoints.swift */ = {isa = PBXFileReference; lastKnownFileType = sourcecode.swift; path = APIEndpoints.swift; sourceTree = "<group>"; };
		305638D1FCBEEF057C11E2B9 /* AppState.swift */ = {isa = PBXFileReference; lastKnownFileType = sourcecode.swift; path = AppState.swift; sourceTree = "<group>"; };
		36EFB3A1FA3B5165207B475D /* DashboardView.swift */ = {isa = PBXFileReference; lastKnownFileType = sourcecode.swift; path = DashboardView.swift; sourceTree = "<group>"; };
		4C6091912D625A221C013631 /* GlassCard.swift */ = {isa = PBXFileReference; lastKnownFileType = sourcecode.swift; path = GlassCard.swift; sourceTree = "<group>"; };
		5292CF5617366EBC8E14CF38 /* AppIntent.swift */ = {isa = PBXFileReference; lastKnownFileType = sourcecode.swift; path = AppIntent.swift; sourceTree = "<group>"; };
		5AA948AFA5D738F2255F77C1 /* ActualAccounts.app */ = {isa = PBXFileReference; explicitFileType = wrapper.application; includeInIndex = 0; path = ActualAccounts.app; sourceTree = BUILT_PRODUCTS_DIR; };
		670A865625E08C6CAC65B7C4 /* Assets.xcassets */ = {isa = PBXFileReference; lastKnownFileType = folder.assetcatalog; path = Assets.xcassets; sourceTree = "<group>"; };
		6A9F813BF375207EAA058027 /* Info.plist */ = {isa = PBXFileReference; lastKnownFileType = text.plist; path = Info.plist; sourceTree = "<group>"; };
		6B968D5C0B649D4E6B776BEE /* AllTransactionsView.swift */ = {isa = PBXFileReference; lastKnownFileType = sourcecode.swift; path = AllTransactionsView.swift; sourceTree = "<group>"; };
		6F5805D6708DF9A6BB1A2D86 /* GlassTextFieldStyle.swift */ = {isa = PBXFileReference; lastKnownFileType = sourcecode.swift; path = GlassTextFieldStyle.swift; sourceTree = "<group>"; };
		752197302E8F4A83005B230B /* SheetType.swift */ = {isa = PBXFileReference; lastKnownFileType = sourcecode.swift; path = SheetType.swift; sourceTree = "<group>"; };
		9E3A151661FD4F9F25C0710B /* Assets.xcassets */ = {isa = PBXFileReference; lastKnownFileType = folder.assetcatalog; path = Assets.xcassets; sourceTree = "<group>"; };
		9ECC2EC257BC2D0B6415FA78 /* SummaryWidget.swift */ = {isa = PBXFileReference; lastKnownFileType = sourcecode.swift; path = SummaryWidget.swift; sourceTree = "<group>"; };
		A046009643DDBC7CB064E9C0 /* SharedDataManager.swift */ = {isa = PBXFileReference; lastKnownFileType = sourcecode.swift; path = SharedDataManager.swift; sourceTree = "<group>"; };
		A2AF889A0B071948999BD82E /* ActualAccountsApp.swift */ = {isa = PBXFileReference; lastKnownFileType = sourcecode.swift; path = ActualAccountsApp.swift; sourceTree = "<group>"; };
		A49BA83A713F16A1B1D61BAF /* SummaryWidgetLiveActivity.swift */ = {isa = PBXFileReference; lastKnownFileType = sourcecode.swift; path = SummaryWidgetLiveActivity.swift; sourceTree = "<group>"; };
		A6FF395CDD657A28A1B09965 /* TransactionEditor.swift */ = {isa = PBXFileReference; lastKnownFileType = sourcecode.swift; path = TransactionEditor.swift; sourceTree = "<group>"; };
		A9517988C2D34778CE15AB79 /* ActualAPIClient.swift */ = {isa = PBXFileReference; lastKnownFileType = sourcecode.swift; path = ActualAPIClient.swift; sourceTree = "<group>"; };
		AA0D950B8FEC34803E6C6A69 /* AccountsView.swift */ = {isa = PBXFileReference; lastKnownFileType = sourcecode.swift; path = AccountsView.swift; sourceTree = "<group>"; };
		B7445397C24A57F7A89FEC51 /* AppBackground.swift */ = {isa = PBXFileReference; lastKnownFileType = sourcecode.swift; path = AppBackground.swift; sourceTree = "<group>"; };
		C58906FC9C38A4488752A0BD /* ActualAccounts.entitlements */ = {isa = PBXFileReference; lastKnownFileType = text.plist.entitlements; path = ActualAccounts.entitlements; sourceTree = "<group>"; };
		CC6C5750861141FAE9A8A500 /* SummaryWidgetExtension.appex */ = {isa = PBXFileReference; explicitFileType = "wrapper.app-extension"; includeInIndex = 0; path = SummaryWidgetExtension.appex; sourceTree = BUILT_PRODUCTS_DIR; };
		D54BAF1F200DA0620E4674B6 /* BudgetView.swift */ = {isa = PBXFileReference; lastKnownFileType = sourcecode.swift; path = BudgetView.swift; sourceTree = "<group>"; };
		D5D08E175B4D1F44DD0C013B /* APIModels.swift */ = {isa = PBXFileReference; lastKnownFileType = sourcecode.swift; path = APIModels.swift; sourceTree = "<group>"; };
		DF2251F4773E455F8B668171 /* AppTheme.swift */ = {isa = PBXFileReference; lastKnownFileType = sourcecode.swift; path = AppTheme.swift; sourceTree = "<group>"; };
		E20695FAE0D27856E1E9761E /* AppIntents.swift */ = {isa = PBXFileReference; lastKnownFileType = sourcecode.swift; path = AppIntents.swift; sourceTree = "<group>"; };
		E82AA06BE50F3BDEBB35EC23 /* LiquidBackground.swift */ = {isa = PBXFileReference; lastKnownFileType = sourcecode.swift; path = LiquidBackground.swift; sourceTree = "<group>"; };
		EDAD07D429FBAED546E3BAA1 /* TransactionsView.swift */ = {isa = PBXFileReference; lastKnownFileType = sourcecode.swift; path = TransactionsView.swift; sourceTree = "<group>"; };
		EE36BB76605521DC6FF8E6FE /* SummaryWidgetBundle.swift */ = {isa = PBXFileReference; lastKnownFileType = sourcecode.swift; path = SummaryWidgetBundle.swift; sourceTree = "<group>"; };
		F3A780CE068090EEA8F62B92 /* SummaryWidgetControl.swift */ = {isa = PBXFileReference; lastKnownFileType = sourcecode.swift; path = SummaryWidgetControl.swift; sourceTree = "<group>"; };
		FD23F8E4BDA540EC1EBEC868 /* OnboardingView.swift */ = {isa = PBXFileReference; lastKnownFileType = sourcecode.swift; path = OnboardingView.swift; sourceTree = "<group>"; };
		FE216C09FB98CE5C4ECACFCE /* Info.plist */ = {isa = PBXFileReference; lastKnownFileType = text.plist; path = Info.plist; sourceTree = "<group>"; };
		FE90451DBA5ED54C74B24824 /* CurrencyFormatter.swift */ = {isa = PBXFileReference; lastKnownFileType = sourcecode.swift; path = CurrencyFormatter.swift; sourceTree = "<group>"; };
/* End PBXFileReference section */

/* Begin PBXGroup section */
		01B331E82269BF981418B206 /* Resources */ = {
			isa = PBXGroup;
			children = (
				C58906FC9C38A4488752A0BD /* ActualAccounts.entitlements */,
				9E3A151661FD4F9F25C0710B /* Assets.xcassets */,
				FE216C09FB98CE5C4ECACFCE /* Info.plist */,
			);
			path = Resources;
			sourceTree = "<group>";
		};
		0346C4316FF3962DE12805A4 /* Products */ = {
			isa = PBXGroup;
			children = (
				5AA948AFA5D738F2255F77C1 /* ActualAccounts.app */,
				CC6C5750861141FAE9A8A500 /* SummaryWidgetExtension.appex */,
			);
			name = Products;
			sourceTree = "<group>";
		};
		27D9F3F80C1993A30C727D06 /* Onboarding */ = {
			isa = PBXGroup;
			children = (
				FD23F8E4BDA540EC1EBEC868 /* OnboardingView.swift */,
			);
			path = Onboarding;
			sourceTree = "<group>";
		};
		29CB2ED44D4FCFC944EABFCA /* Settings */ = {
			isa = PBXGroup;
			children = (
				191BCF4D8FA37E6AD771B3C8 /* SettingsView.swift */,
			);
			path = Settings;
			sourceTree = "<group>";
		};
		2CE6CD18CA6CCA9979761809 /* Budget */ = {
			isa = PBXGroup;
			children = (
				D54BAF1F200DA0620E4674B6 /* BudgetView.swift */,
			);
			path = Budget;
			sourceTree = "<group>";
		};
		4C3E7258AE27EC9F882F324A /* UI */ = {
			isa = PBXGroup;
			children = (
				4C6091912D625A221C013631 /* GlassCard.swift */,
				6F5805D6708DF9A6BB1A2D86 /* GlassTextFieldStyle.swift */,
				E82AA06BE50F3BDEBB35EC23 /* LiquidBackground.swift */,
			);
			path = UI;
			sourceTree = "<group>";
		};
		7F1C350C92F302198412E105 /* Shared */ = {
			isa = PBXGroup;
			children = (
				D5D08E175B4D1F44DD0C013B /* APIModels.swift */,
				B7445397C24A57F7A89FEC51 /* AppBackground.swift */,
				DF2251F4773E455F8B668171 /* AppTheme.swift */,
				FE90451DBA5ED54C74B24824 /* CurrencyFormatter.swift */,
				A046009643DDBC7CB064E9C0 /* SharedDataManager.swift */,
				9ECC2EC257BC2D0B6415FA78 /* SummaryWidget.swift */,
				305638D1FCBEEF057C11E2B9 /* AppState.swift */,
			);
			path = Shared;
			sourceTree = "<group>";
		};
		80887003B6B4CDDD8D74B18B /* Dashboard */ = {
			isa = PBXGroup;
			children = (
				36EFB3A1FA3B5165207B475D /* DashboardView.swift */,
			);
			path = Dashboard;
			sourceTree = "<group>";
		};
		8331E30E175B40C66DC09839 /* Features */ = {
			isa = PBXGroup;
			children = (
				14BF70E767114BBB7E245F72 /* RootView.swift */,
				BED1A492541A5F671849915B /* Accounts */,
				2CE6CD18CA6CCA9979761809 /* Budget */,
				80887003B6B4CDDD8D74B18B /* Dashboard */,
				27D9F3F80C1993A30C727D06 /* Onboarding */,
				29CB2ED44D4FCFC944EABFCA /* Settings */,
				A7FF7E6E861B27343A3A48FF /* Transactions */,
			);
			path = Features;
			sourceTree = "<group>";
		};
		A7FF7E6E861B27343A3A48FF /* Transactions */ = {
			isa = PBXGroup;
			children = (
				6B968D5C0B649D4E6B776BEE /* AllTransactionsView.swift */,
				A6FF395CDD657A28A1B09965 /* TransactionEditor.swift */,
				752197302E8F4A83005B230B /* SheetType.swift */,
				EDAD07D429FBAED546E3BAA1 /* TransactionsView.swift */,
			);
			path = Transactions;
			sourceTree = "<group>";
		};
		B5376A7F854A1B948CE36279 /* Networking */ = {
			isa = PBXGroup;
			children = (
				A9517988C2D34778CE15AB79 /* ActualAPIClient.swift */,
				1FE7305732C35F8E4C1C6B5D /* APIEndpoints.swift */,
				02F88A209CDF35AE3A25271C /* DemoDataService.swift */,
			);
			path = Networking;
			sourceTree = "<group>";
		};
		BED1A492541A5F671849915B /* Accounts */ = {
			isa = PBXGroup;
			children = (
				AA0D950B8FEC34803E6C6A69 /* AccountsView.swift */,
			);
			path = Accounts;
			sourceTree = "<group>";
		};
		C1380035D446916555D2808B = {
			isa = PBXGroup;
			children = (
				EF43DF3E7173370F3888D45F /* App */,
				8331E30E175B40C66DC09839 /* Features */,
				B5376A7F854A1B948CE36279 /* Networking */,
				01B331E82269BF981418B206 /* Resources */,
				7F1C350C92F302198412E105 /* Shared */,
				E4520BDC8F2653C29E5EBA32 /* SummaryWidget */,
				4C3E7258AE27EC9F882F324A /* UI */,
				0346C4316FF3962DE12805A4 /* Products */,
			);
			sourceTree = "<group>";
		};
		E4520BDC8F2653C29E5EBA32 /* SummaryWidget */ = {
			isa = PBXGroup;
			children = (
				5292CF5617366EBC8E14CF38 /* AppIntent.swift */,
				670A865625E08C6CAC65B7C4 /* Assets.xcassets */,
				6A9F813BF375207EAA058027 /* Info.plist */,
				EE36BB76605521DC6FF8E6FE /* SummaryWidgetBundle.swift */,
				F3A780CE068090EEA8F62B92 /* SummaryWidgetControl.swift */,
				1DB979F89D01D25B81124474 /* SummaryWidgetExtension.entitlements */,
				A49BA83A713F16A1B1D61BAF /* SummaryWidgetLiveActivity.swift */,
			);
			path = SummaryWidget;
			sourceTree = "<group>";
		};
		EF43DF3E7173370F3888D45F /* App */ = {
			isa = PBXGroup;
			children = (
				A2AF889A0B071948999BD82E /* ActualAccountsApp.swift */,
				E20695FAE0D27856E1E9761E /* AppIntents.swift */,
			);
			path = App;
			sourceTree = "<group>";
		};
/* End PBXGroup section */

/* Begin PBXNativeTarget section */
		0350BF9E8C923484FDBB0680 /* SummaryWidgetExtension */ = {
			isa = PBXNativeTarget;
			buildConfigurationList = DE0C6A1B31A7BEA5B16111D3 /* Build configuration list for PBXNativeTarget "SummaryWidgetExtension" */;
			buildPhases = (
				95F6938DB5CB42C043BA2B64 /* Sources */,
				D28ACAFACC233344CE147B07 /* Resources */,
			);
			buildRules = (
			);
			dependencies = (
			);
			name = SummaryWidgetExtension;
			packageProductDependencies = (
			);
			productName = SummaryWidgetExtension;
			productReference = CC6C5750861141FAE9A8A500 /* SummaryWidgetExtension.appex */;
			productType = "com.apple.product-type.app-extension";
		};
		850D58EC66E6276D81C55A05 /* ActualAccounts */ = {
			isa = PBXNativeTarget;
			buildConfigurationList = 1B7FC5432BA2904D01DAB755 /* Build configuration list for PBXNativeTarget "ActualAccounts" */;
			buildPhases = (
				FFE9ECFC622A70FBA35D2BF2 /* Sources */,
				6682D25B98ABD35CFD06B7EA /* Resources */,
				33C55C2CC8258F9875EF8A5D /* Embed Foundation Extensions */,
			);
			buildRules = (
			);
			dependencies = (
				D1212E1D5C0ED8450DAA6899 /* PBXTargetDependency */,
			);
			name = ActualAccounts;
			packageProductDependencies = (
			);
			productName = ActualAccounts;
			productReference = 5AA948AFA5D738F2255F77C1 /* ActualAccounts.app */;
			productType = "com.apple.product-type.application";
		};
/* End PBXNativeTarget section */

/* Begin PBXProject section */
		D36DD6F12F8D05F432AABE5E /* Project object */ = {
			isa = PBXProject;
			attributes = {
				BuildIndependentTargetsInParallel = YES;
				LastUpgradeCheck = 1430;
			};
			buildConfigurationList = 09690A2DBCC8F4F5D9C7D7B9 /* Build configuration list for PBXProject "ActualAccounts" */;
			compatibilityVersion = "Xcode 14.0";
			developmentRegion = en;
			hasScannedForEncodings = 0;
			knownRegions = (
				Base,
				en,
			);
			mainGroup = C1380035D446916555D2808B;
			minimizedProjectReferenceProxies = 1;
			projectDirPath = "";
			projectRoot = "";
			targets = (
				850D58EC66E6276D81C55A05 /* ActualAccounts */,
				0350BF9E8C923484FDBB0680 /* SummaryWidgetExtension */,
			);
		};
/* End PBXProject section */

/* Begin PBXResourcesBuildPhase section */
		6682D25B98ABD35CFD06B7EA /* Resources */ = {
			isa = PBXResourcesBuildPhase;
			buildActionMask = 2147483647;
			files = (
				DC8E4AFDCA849EFD8B8F7FD1 /* Assets.xcassets in Resources */,
			);
			runOnlyForDeploymentPostprocessing = 0;
		};
		D28ACAFACC233344CE147B07 /* Resources */ = {
			isa = PBXResourcesBuildPhase;
			buildActionMask = 2147483647;
			files = (
				42F8ADD03E917FE31C0CD3E9 /* Assets.xcassets in Resources */,
			);
			runOnlyForDeploymentPostprocessing = 0;
		};
/* End PBXResourcesBuildPhase section */

/* Begin PBXSourcesBuildPhase section */
		95F6938DB5CB42C043BA2B64 /* Sources */ = {
			isa = PBXSourcesBuildPhase;
			buildActionMask = 2147483647;
			files = (
				80F17D456595E454CC56AC68 /* APIModels.swift in Sources */,
				8B29F25FEA70973C5F6F969A /* AppBackground.swift in Sources */,
				FA642DDB83738AD216510807 /* AppIntent.swift in Sources */,
				909505565918B6741C78D31D /* AppTheme.swift in Sources */,
				71D33515CC7B27421A855602 /* CurrencyFormatter.swift in Sources */,
				99121FEA24DFA87646142EE9 /* GlassCard.swift in Sources */,
				385C6105E643AC2E6FE7EF92 /* GlassTextFieldStyle.swift in Sources */,
				B201E07865DD3B153203E86D /* LiquidBackground.swift in Sources */,
				D4D60197658DBC87369F0914 /* SharedDataManager.swift in Sources */,
				7581E5FC2E8F2E00007FCD57 /* AppState.swift in Sources */,
				CD0C214111BB51221CF92197 /* SummaryWidget.swift in Sources */,
				3B096A3B8971BAC55730E602 /* SummaryWidgetBundle.swift in Sources */,
				10D37190FD81D0CC5E4202A6 /* SummaryWidgetControl.swift in Sources */,
				F096333F31F509912696A321 /* SummaryWidgetLiveActivity.swift in Sources */,
			);
			runOnlyForDeploymentPostprocessing = 0;
		};
		FFE9ECFC622A70FBA35D2BF2 /* Sources */ = {
			isa = PBXSourcesBuildPhase;
			buildActionMask = 2147483647;
			files = (
				A09515FBE4B723743CAD3C79 /* APIEndpoints.swift in Sources */,
				2CAF7EE3D9BA3987B425DE25 /* APIModels.swift in Sources */,
				811CA95F04F9A6C8E7EDAE72 /* AccountsView.swift in Sources */,
				254C49ACE4F7164650879D09 /* ActualAPIClient.swift in Sources */,
				57C87B4D2C70DD4FA2787654 /* ActualAccountsApp.swift in Sources */,
				E815F42DCD39FC3F1A387F6C /* AllTransactionsView.swift in Sources */,
				2806C6A295416B0B7CAD3AF4 /* AppBackground.swift in Sources */,
				178892D01DB5C6C1716F0301 /* AppIntents.swift in Sources */,
				3BCD8E59CC7585D0C9766B97 /* AppState.swift in Sources */,
				63F8A99B42E31C7E8384C929 /* AppTheme.swift in Sources */,
				E12B83D2DF6E26EEC3E2164E /* BudgetView.swift in Sources */,
				E0F7AD5CDC25E06A99850FDF /* CurrencyFormatter.swift in Sources */,
				3FA813807321D4379DE9FF57 /* DashboardView.swift in Sources */,
				752197312E8F4A83005B230B /* SheetType.swift in Sources */,
				B4383712AED902C327F15FEA /* DemoDataService.swift in Sources */,
				EB79752CE933E87B143C309F /* GlassCard.swift in Sources */,
				01F0F3EA7380F89EB77C810E /* GlassTextFieldStyle.swift in Sources */,
				9E9FAC6B9FFA82D0B4EE6BA8 /* LiquidBackground.swift in Sources */,
				B21F63AE54A2EE4D82B62082 /* OnboardingView.swift in Sources */,
				9CB64FF534D5F54FCF28646C /* RootView.swift in Sources */,
				D8379BA06D631EB7E686C059 /* SettingsView.swift in Sources */,
				AF32609BDDF3383587A48C6F /* SharedDataManager.swift in Sources */,
				3471AC37482F023FF46A9783 /* SummaryWidget.swift in Sources */,
				0A9E55C8C02BB9171499339F /* TransactionEditor.swift in Sources */,
				FC1C5B7A9BC8A36B4A87F5BE /* TransactionsView.swift in Sources */,
			);
			runOnlyForDeploymentPostprocessing = 0;
		};
/* End PBXSourcesBuildPhase section */

/* Begin PBXTargetDependency section */
		D1212E1D5C0ED8450DAA6899 /* PBXTargetDependency */ = {
			isa = PBXTargetDependency;
			target = 0350BF9E8C923484FDBB0680 /* SummaryWidgetExtension */;
			targetProxy = 144748559A5198021D38746B /* PBXContainerItemProxy */;
		};
/* End PBXTargetDependency section */

/* Begin XCBuildConfiguration section */
		02DF436F6B54AC10B2DD5E79 /* Release */ = {
			isa = XCBuildConfiguration;
			buildSettings = {
				ALWAYS_SEARCH_USER_PATHS = NO;
				CLANG_ANALYZER_NONNULL = YES;
				CLANG_ANALYZER_NUMBER_OBJECT_CONVERSION = YES_AGGRESSIVE;
				CLANG_CXX_LANGUAGE_STANDARD = "gnu++14";
				CLANG_CXX_LIBRARY = "libc++";
				CLANG_ENABLE_MODULES = YES;
				CLANG_ENABLE_OBJC_ARC = YES;
				CLANG_ENABLE_OBJC_WEAK = YES;
				CLANG_WARN_BLOCK_CAPTURE_AUTORELEASING = YES;
				CLANG_WARN_BOOL_CONVERSION = YES;
				CLANG_WARN_COMMA = YES;
				CLANG_WARN_CONSTANT_CONVERSION = YES;
				CLANG_WARN_DEPRECATED_OBJC_IMPLEMENTATIONS = YES;
				CLANG_WARN_DIRECT_OBJC_ISA_USAGE = YES_ERROR;
				CLANG_WARN_DOCUMENTATION_COMMENTS = YES;
				CLANG_WARN_EMPTY_BODY = YES;
				CLANG_WARN_ENUM_CONVERSION = YES;
				CLANG_WARN_INFINITE_RECURSION = YES;
				CLANG_WARN_INT_CONVERSION = YES;
				CLANG_WARN_NON_LITERAL_NULL_CONVERSION = YES;
				CLANG_WARN_OBJC_IMPLICIT_RETAIN_SELF = YES;
				CLANG_WARN_OBJC_LITERAL_CONVERSION = YES;
				CLANG_WARN_OBJC_ROOT_CLASS = YES_ERROR;
				CLANG_WARN_QUOTED_INCLUDE_IN_FRAMEWORK_HEADER = YES;
				CLANG_WARN_RANGE_LOOP_ANALYSIS = YES;
				CLANG_WARN_STRICT_PROTOTYPES = YES;
				CLANG_WARN_SUSPICIOUS_MOVE = YES;
				CLANG_WARN_UNGUARDED_AVAILABILITY = YES_AGGRESSIVE;
				CLANG_WARN_UNREACHABLE_CODE = YES;
				CLANG_WARN__DUPLICATE_METHOD_MATCH = YES;
				COPY_PHASE_STRIP = NO;
				DEBUG_INFORMATION_FORMAT = "dwarf-with-dsym";
				DEVELOPMENT_TEAM = "";
				ENABLE_NS_ASSERTIONS = NO;
				ENABLE_STRICT_OBJC_MSGSEND = YES;
				GCC_C_LANGUAGE_STANDARD = gnu11;
				GCC_NO_COMMON_BLOCKS = YES;
				GCC_WARN_64_TO_32_BIT_CONVERSION = YES;
				GCC_WARN_ABOUT_RETURN_TYPE = YES_ERROR;
				GCC_WARN_UNDECLARED_SELECTOR = YES;
				GCC_WARN_UNINITIALIZED_AUTOS = YES_AGGRESSIVE;
				GCC_WARN_UNUSED_FUNCTION = YES;
				GCC_WARN_UNUSED_VARIABLE = YES;
				IPHONEOS_DEPLOYMENT_TARGET = 26.0;
				MTL_ENABLE_DEBUG_INFO = NO;
				MTL_FAST_MATH = YES;
				PRODUCT_NAME = "$(TARGET_NAME)";
				SDKROOT = iphoneos;
				SWIFT_COMPILATION_MODE = wholemodule;
				SWIFT_OPTIMIZATION_LEVEL = "-O";
				SWIFT_VERSION = 5.1;
			};
			name = Release;
		};
		1E46B37B49CF6CBD7C5C465E /* Release */ = {
			isa = XCBuildConfiguration;
			buildSettings = {
				APPLICATION_EXTENSION_API_ONLY = YES;
				CODE_SIGN_ENTITLEMENTS = SummaryWidget/SummaryWidgetExtension.entitlements;
				CODE_SIGN_IDENTITY = "Apple Development";
				CODE_SIGN_STYLE = Automatic;
				DEVELOPMENT_TEAM = L8T7Z36R8U;
				INFOPLIST_FILE = SummaryWidget/Info.plist;
				LD_RUNPATH_SEARCH_PATHS = (
					"$(inherited)",
					"@executable_path/Frameworks",
					"@executable_path/../../Frameworks",
				);
				PRODUCT_BUNDLE_IDENTIFIER = com.actual.accounts.SummaryWidget;
				PROVISIONING_PROFILE_SPECIFIER = "";
				SDKROOT = iphoneos;
				TARGETED_DEVICE_FAMILY = "1,2";
			};
			name = Release;
		};
		4044C4BFDAA7E17B4B8C44D9 /* Release */ = {
			isa = XCBuildConfiguration;
			buildSettings = {
				ASSETCATALOG_COMPILER_APPICON_NAME = AppIcon;
				CODE_SIGN_ENTITLEMENTS = SummaryWidget/SummaryWidgetExtension.entitlements;
				CODE_SIGN_IDENTITY = "Apple Development";
				CODE_SIGN_STYLE = Automatic;
				DEVELOPMENT_TEAM = L8T7Z36R8U;
				INFOPLIST_FILE = Resources/Info.plist;
				LD_RUNPATH_SEARCH_PATHS = (
					"$(inherited)",
					"@executable_path/Frameworks",
				);
				PRODUCT_BUNDLE_IDENTIFIER = com.actual.accounts;
				PROVISIONING_PROFILE_SPECIFIER = "";
				SDKROOT = iphoneos;
				TARGETED_DEVICE_FAMILY = "1,2";
			};
			name = Release;
		};
		EF36EBC37CF551DC57B1A124 /* Debug */ = {
			isa = XCBuildConfiguration;
			buildSettings = {
				APPLICATION_EXTENSION_API_ONLY = YES;
				CODE_SIGN_ENTITLEMENTS = SummaryWidget/SummaryWidgetExtension.entitlements;
				CODE_SIGN_IDENTITY = "Apple Development";
				CODE_SIGN_STYLE = Automatic;
				DEVELOPMENT_TEAM = L8T7Z36R8U;
				INFOPLIST_FILE = SummaryWidget/Info.plist;
				LD_RUNPATH_SEARCH_PATHS = (
					"$(inherited)",
					"@executable_path/Frameworks",
					"@executable_path/../../Frameworks",
				);
				PRODUCT_BUNDLE_IDENTIFIER = com.actual.accounts.SummaryWidget;
				PROVISIONING_PROFILE_SPECIFIER = "";
				SDKROOT = iphoneos;
				TARGETED_DEVICE_FAMILY = "1,2";
			};
			name = Debug;
		};
		F368DC3A4320FA0F33293611 /* Debug */ = {
			isa = XCBuildConfiguration;
			buildSettings = {
				ASSETCATALOG_COMPILER_APPICON_NAME = AppIcon;
				CODE_SIGN_ENTITLEMENTS = SummaryWidget/SummaryWidgetExtension.entitlements;
				CODE_SIGN_IDENTITY = "Apple Development";
				CODE_SIGN_STYLE = Automatic;
				DEVELOPMENT_TEAM = L8T7Z36R8U;
				INFOPLIST_FILE = Resources/Info.plist;
				LD_RUNPATH_SEARCH_PATHS = (
					"$(inherited)",
					"@executable_path/Frameworks",
				);
				PRODUCT_BUNDLE_IDENTIFIER = com.actual.accounts;
				PROVISIONING_PROFILE_SPECIFIER = "";
				SDKROOT = iphoneos;
				TARGETED_DEVICE_FAMILY = "1,2";
			};
			name = Debug;
		};
		FDF712D2A8FA7947A5F12BE7 /* Debug */ = {
			isa = XCBuildConfiguration;
			buildSettings = {
				ALWAYS_SEARCH_USER_PATHS = NO;
				CLANG_ANALYZER_NONNULL = YES;
				CLANG_ANALYZER_NUMBER_OBJECT_CONVERSION = YES_AGGRESSIVE;
				CLANG_CXX_LANGUAGE_STANDARD = "gnu++14";
				CLANG_CXX_LIBRARY = "libc++";
				CLANG_ENABLE_MODULES = YES;
				CLANG_ENABLE_OBJC_ARC = YES;
				CLANG_ENABLE_OBJC_WEAK = YES;
				CLANG_WARN_BLOCK_CAPTURE_AUTORELEASING = YES;
				CLANG_WARN_BOOL_CONVERSION = YES;
				CLANG_WARN_COMMA = YES;
				CLANG_WARN_CONSTANT_CONVERSION = YES;
				CLANG_WARN_DEPRECATED_OBJC_IMPLEMENTATIONS = YES;
				CLANG_WARN_DIRECT_OBJC_ISA_USAGE = YES_ERROR;
				CLANG_WARN_DOCUMENTATION_COMMENTS = YES;
				CLANG_WARN_EMPTY_BODY = YES;
				CLANG_WARN_ENUM_CONVERSION = YES;
				CLANG_WARN_INFINITE_RECURSION = YES;
				CLANG_WARN_INT_CONVERSION = YES;
				CLANG_WARN_NON_LITERAL_NULL_CONVERSION = YES;
				CLANG_WARN_OBJC_IMPLICIT_RETAIN_SELF = YES;
				CLANG_WARN_OBJC_LITERAL_CONVERSION = YES;
				CLANG_WARN_OBJC_ROOT_CLASS = YES_ERROR;
				CLANG_WARN_QUOTED_INCLUDE_IN_FRAMEWORK_HEADER = YES;
				CLANG_WARN_RANGE_LOOP_ANALYSIS = YES;
				CLANG_WARN_STRICT_PROTOTYPES = YES;
				CLANG_WARN_SUSPICIOUS_MOVE = YES;
				CLANG_WARN_UNGUARDED_AVAILABILITY = YES_AGGRESSIVE;
				CLANG_WARN_UNREACHABLE_CODE = YES;
				CLANG_WARN__DUPLICATE_METHOD_MATCH = YES;
				COPY_PHASE_STRIP = NO;
				DEBUG_INFORMATION_FORMAT = dwarf;
				DEVELOPMENT_TEAM = "";
				ENABLE_STRICT_OBJC_MSGSEND = YES;
				ENABLE_TESTABILITY = YES;
				GCC_C_LANGUAGE_STANDARD = gnu11;
				GCC_DYNAMIC_NO_PIC = NO;
				GCC_NO_COMMON_BLOCKS = YES;
				GCC_OPTIMIZATION_LEVEL = 0;
				GCC_PREPROCESSOR_DEFINITIONS = (
					"$(inherited)",
					"DEBUG=1",
				);
				GCC_WARN_64_TO_32_BIT_CONVERSION = YES;
				GCC_WARN_ABOUT_RETURN_TYPE = YES_ERROR;
				GCC_WARN_UNDECLARED_SELECTOR = YES;
				GCC_WARN_UNINITIALIZED_AUTOS = YES_AGGRESSIVE;
				GCC_WARN_UNUSED_FUNCTION = YES;
				GCC_WARN_UNUSED_VARIABLE = YES;
				IPHONEOS_DEPLOYMENT_TARGET = 26.0;
				MTL_ENABLE_DEBUG_INFO = INCLUDE_SOURCE;
				MTL_FAST_MATH = YES;
				ONLY_ACTIVE_ARCH = YES;
				PRODUCT_NAME = "$(TARGET_NAME)";
				SDKROOT = iphoneos;
				SWIFT_ACTIVE_COMPILATION_CONDITIONS = DEBUG;
				SWIFT_OPTIMIZATION_LEVEL = "-Onone";
				SWIFT_VERSION = 5.1;
			};
			name = Debug;
		};
/* End XCBuildConfiguration section */

/* Begin XCConfigurationList section */
		09690A2DBCC8F4F5D9C7D7B9 /* Build configuration list for PBXProject "ActualAccounts" */ = {
			isa = XCConfigurationList;
			buildConfigurations = (
				FDF712D2A8FA7947A5F12BE7 /* Debug */,
				02DF436F6B54AC10B2DD5E79 /* Release */,
			);
			defaultConfigurationIsVisible = 0;
			defaultConfigurationName = Debug;
		};
		1B7FC5432BA2904D01DAB755 /* Build configuration list for PBXNativeTarget "ActualAccounts" */ = {
			isa = XCConfigurationList;
			buildConfigurations = (
				F368DC3A4320FA0F33293611 /* Debug */,
				4044C4BFDAA7E17B4B8C44D9 /* Release */,
			);
			defaultConfigurationIsVisible = 0;
			defaultConfigurationName = Debug;
		};
		DE0C6A1B31A7BEA5B16111D3 /* Build configuration list for PBXNativeTarget "SummaryWidgetExtension" */ = {
			isa = XCConfigurationList;
			buildConfigurations = (
				EF36EBC37CF551DC57B1A124 /* Debug */,
				1E46B37B49CF6CBD7C5C465E /* Release */,
			);
			defaultConfigurationIsVisible = 0;
			defaultConfigurationName = Debug;
		};
/* End XCConfigurationList section */
	};
	rootObject = D36DD6F12F8D05F432AABE5E /* Project object */;
}
